
Microsoft Visual Studio Solution File, Format Version 12.00
# Visual Studio 2012
Project("{FAE04EC0-301F-11D3-BF4B-00C04F79EFBC}") = "jiracommand", "jiracommand\jiracommand.csproj", "{AE3A9665-2845-4CAA-8617-5A8EF00F9BA9}"
EndProject
Project("{2150E333-8FDC-42A3-9474-1A3956D46DE8}") = ".nuget", ".nuget", "{16E10ED3-8076-422C-83EF-2912370E294E}"
	ProjectSection(SolutionItems) = preProject
		.nuget\NuGet.Config = .nuget\NuGet.Config
		.nuget\NuGet.exe = .nuget\NuGet.exe
		.nuget\NuGet.targets = .nuget\NuGet.targets
	EndProjectSection
EndProject
Global
	GlobalSection(SolutionConfigurationPlatforms) = preSolution
		Debug|Any CPU = Debug|Any CPU
		Release|Any CPU = Release|Any CPU
	EndGlobalSection
	GlobalSection(ProjectConfigurationPlatforms) = postSolution
		{AE3A9665-2845-4CAA-8617-5A8EF00F9BA9}.Debug|Any CPU.ActiveCfg = Debug|Any CPU
		{AE3A9665-2845-4CAA-8617-5A8EF00F9BA9}.Debug|Any CPU.Build.0 = Debug|Any CPU
		{AE3A9665-2845-4CAA-8617-5A8EF00F9BA9}.Release|Any CPU.ActiveCfg = Release|Any CPU
		{AE3A9665-2845-4CAA-8617-5A8EF00F9BA9}.Release|Any CPU.Build.0 = Release|Any CPU
	EndGlobalSection
	GlobalSection(SolutionProperties) = preSolution
		HideSolutionNode = FALSE
	EndGlobalSection
EndGlobal
